{
  "name": "model-release-radar",
  "lockfileVersion": 3,
  "requires": true,
  "packages": {
    "": {
      "name": "model-release-radar",
      "dependencies": {
        "@dataform/core": ">=3.0.71"
      },
      "engines": {
        "node": ">=24"
      }
    },
    "node_modules/@dataform/core": {
      "version": "3.0.71",
      "resolved": "https://registry.npmjs.org/@dataform/core/-/core-3.0.71.tgz",
      "integrity": "sha512-4nQofZgwd90vKXC9GhMZZG7jXQdxORN3JQ5SAN0jljlMWpx9KHVYeuRfWMiYf0Yck8v9FilZNdLy4yKbOdu0oQ==",
      "license": "Apache-2.0"
    }
  }
}
